// !$*UTF8*$!
{
	archiveVersion = 1;
	classes = {
	};
	objectVersion = 51;
	objects = {

/* Begin PBXBuildFile section */
		92A3667A81D09DEFB033DDE3 /* Pods_Bjdc.framework in Frameworks */ = {isa = PBXBuildFile; fileRef = FF3D1D0F157C649DFF777056 /* Pods_Bjdc.framework */; };
		FF803ADD26674E65005B9ED7 /* MeVC-req.swift in Sources */ = {isa = PBXBuildFile; fileRef = FF803ADC26674E65005B9ED7 /* MeVC-req.swift */; };
		FF803ADF2669CAA8005B9ED7 /* BootomSheet-req.swift in Sources */ = {isa = PBXBuildFile; fileRef = FF803ADE2669CAA8005B9ED7 /* BootomSheet-req.swift */; };
		FF9062EE2665FB1F00331DDF /* Constant-req.swift in Sources */ = {isa = PBXBuildFile; fileRef = FF9062ED2665FB1F00331DDF /* Constant-req.swift */; };
		FF9062F026660FCC00331DDF /* threeDES.swift in Sources */ = {isa = PBXBuildFile; fileRef = FF9062EF26660FCC00331DDF /* threeDES.swift */; };
		FF9062F2266613D800331DDF /* md5.swift in Sources */ = {isa = PBXBuildFile; fileRef = FF9062F1266613D800331DDF /* md5.swift */; };
		FF94A33626847674002A3D88 /* Example7View.swift in Sources */ = {isa = PBXBuildFile; fileRef = FF94A33526847674002A3D88 /* Example7View.swift */; };
		FF94A338268476A2002A3D88 /* Example7View.xib in Resources */ = {isa = PBXBuildFile; fileRef = FF94A337268476A2002A3D88 /* Example7View.xib */; };
		FF94A33E268482E9002A3D88 /* customAlert.xib in Resources */ = {isa = PBXBuildFile; fileRef = FF94A33D268482E9002A3D88 /* customAlert.xib */; };
		FF94A340268570DA002A3D88 /* customAlert.swift in Sources */ = {isa = PBXBuildFile; fileRef = FF94A33F268570DA002A3D88 /* customAlert.swift */; };
		FF968B82266A1A20009D9404 /* ProjectVC-btn.swift in Sources */ = {isa = PBXBuildFile; fileRef = FF968B81266A1A20009D9404 /* ProjectVC-btn.swift */; };
		FF968B84266A1BD5009D9404 /* ProjectVC-Annotations.swift in Sources */ = {isa = PBXBuildFile; fileRef = FF968B83266A1BD5009D9404 /* ProjectVC-Annotations.swift */; };
		FF968B86266A24A9009D9404 /* BootomSheetVC-initProject.swift in Sources */ = {isa = PBXBuildFile; fileRef = FF968B85266A24A9009D9404 /* BootomSheetVC-initProject.swift */; };
		FF968B88266A3391009D9404 /* BootomSheet-btn.swift in Sources */ = {isa = PBXBuildFile; fileRef = FF968B87266A3391009D9404 /* BootomSheet-btn.swift */; };
		FF968B8A266A3623009D9404 /* BootomSheet-TableView.swift in Sources */ = {isa = PBXBuildFile; fileRef = FF968B89266A3623009D9404 /* BootomSheet-TableView.swift */; };
		FF97EF6F2663A9C000C09CEA /* .gitignore in Resources */ = {isa = PBXBuildFile; fileRef = FF97EF6E2663A9BF00C09CEA /* .gitignore */; };
		FF9CD6A5265F61030048D6A3 /* test.swift in Sources */ = {isa = PBXBuildFile; fileRef = FF9CD6A4265F61030048D6A3 /* test.swift */; };
		FFA4B61F266CEA8A0000C995 /* CustomCalloutViewSwift.swift in Sources */ = {isa = PBXBuildFile; fileRef = FFA4B61E266CEA8A0000C995 /* CustomCalloutViewSwift.swift */; };
		FFA4B621266CEB4C0000C995 /* AnnotationView.swift in Sources */ = {isa = PBXBuildFile; fileRef = FFA4B620266CEB4C0000C995 /* AnnotationView.swift */; };
		FFA4B623266D045D0000C995 /* pointAnnotationView.swift in Sources */ = {isa = PBXBuildFile; fileRef = FFA4B622266D045D0000C995 /* pointAnnotationView.swift */; };
		FFA4B62D266F10500000C995 /* dropdownName.swift in Sources */ = {isa = PBXBuildFile; fileRef = FFA4B62C266F10500000C995 /* dropdownName.swift */; };
		FFA4B62F266F10600000C995 /* dropdownDate.swift in Sources */ = {isa = PBXBuildFile; fileRef = FFA4B62E266F10600000C995 /* dropdownDate.swift */; };
		FFA4B631266F194E0000C995 /* drpdownDelegate.swift in Sources */ = {isa = PBXBuildFile; fileRef = FFA4B630266F194E0000C995 /* drpdownDelegate.swift */; };
		FFA4B636266F49910000C995 /* ChartData-req.swift in Sources */ = {isa = PBXBuildFile; fileRef = FFA4B635266F49910000C995 /* ChartData-req.swift */; };
		FFA4B65D267048BF0000C995 /* TestViewController.swift in Sources */ = {isa = PBXBuildFile; fileRef = FFA4B65C267048BF0000C995 /* TestViewController.swift */; };
		FFA4B663267094E30000C995 /* GNSSFilterInfoN.swift in Sources */ = {isa = PBXBuildFile; fileRef = FFA4B662267094E30000C995 /* GNSSFilterInfoN.swift */; };
		FFA4B6652670D46B0000C995 /* GNSSFilterInfoE.swift in Sources */ = {isa = PBXBuildFile; fileRef = FFA4B6642670D46B0000C995 /* GNSSFilterInfoE.swift */; };
		FFA4B6672670D5270000C995 /* GNSSFilterInfoH.swift in Sources */ = {isa = PBXBuildFile; fileRef = FFA4B6662670D5270000C995 /* GNSSFilterInfoH.swift */; };
		FFA4B6692670D5600000C995 /* GNSSFilterInfoDeltaD.swift in Sources */ = {isa = PBXBuildFile; fileRef = FFA4B6682670D5600000C995 /* GNSSFilterInfoDeltaD.swift */; };
		FFA4B66B2670DBB50000C995 /* GNSSFilterInfoDeltaH.swift in Sources */ = {isa = PBXBuildFile; fileRef = FFA4B66A2670DBB50000C995 /* GNSSFilterInfoDeltaH.swift */; };
		FFA4B66D2670DD110000C995 /* Heart.swift in Sources */ = {isa = PBXBuildFile; fileRef = FFA4B66C2670DD110000C995 /* Heart.swift */; };
		FFA4B6712670DFA30000C995 /* TimeInterval.swift in Sources */ = {isa = PBXBuildFile; fileRef = FFA4B6702670DFA30000C995 /* TimeInterval.swift */; };
		FFA4B6732672248E0000C995 /* ChartTable.swift in Sources */ = {isa = PBXBuildFile; fileRef = FFA4B6722672248D0000C995 /* ChartTable.swift */; };
		FFA4B67526739F170000C995 /* DateTableVC-req.swift in Sources */ = {isa = PBXBuildFile; fileRef = FFA4B67426739F170000C995 /* DateTableVC-req.swift */; };
		FFA8589A265DDF120067CA7D /* MeVC.swift in Sources */ = {isa = PBXBuildFile; fileRef = FFA85899265DDF120067CA7D /* MeVC.swift */; };
		FFA8589D265DDFAD0067CA7D /* Setting.swift in Sources */ = {isa = PBXBuildFile; fileRef = FFA8589C265DDFAD0067CA7D /* Setting.swift */; };
		FFA8589F265DE02C0067CA7D /* AccountSecurityVC.swift in Sources */ = {isa = PBXBuildFile; fileRef = FFA8589E265DE02C0067CA7D /* AccountSecurityVC.swift */; };
		FFA858A3265DE0D10067CA7D /* ChangePasswordVC.swift in Sources */ = {isa = PBXBuildFile; fileRef = FFA858A2265DE0D10067CA7D /* ChangePasswordVC.swift */; };
		FFA858A5265E441D0067CA7D /* BootomSheetChartVC.swift in Sources */ = {isa = PBXBuildFile; fileRef = FFA858A4265E441D0067CA7D /* BootomSheetChartVC.swift */; };
		FFD34FE22664BA8F00EF0ED2 /* LoginVC-accessToken.swift in Sources */ = {isa = PBXBuildFile; fileRef = FFD34FE12664BA8F00EF0ED2 /* LoginVC-accessToken.swift */; };
		FFDCEBF1265CB3C6006A306B /* AppDelegate.swift in Sources */ = {isa = PBXBuildFile; fileRef = FFDCEBF0265CB3C6006A306B /* AppDelegate.swift */; };
		FFDCEBF3265CB3C6006A306B /* SceneDelegate.swift in Sources */ = {isa = PBXBuildFile; fileRef = FFDCEBF2265CB3C6006A306B /* SceneDelegate.swift */; };
		FFDCEBF5265CB3C6006A306B /* ViewController.swift in Sources */ = {isa = PBXBuildFile; fileRef = FFDCEBF4265CB3C6006A306B /* ViewController.swift */; };
		FFDCEBF8265CB3C6006A306B /* Main.storyboard in Resources */ = {isa = PBXBuildFile; fileRef = FFDCEBF6265CB3C6006A306B /* Main.storyboard */; };
		FFDCEBFB265CB3C6006A306B /* Bjdc.xcdatamodeld in Sources */ = {isa = PBXBuildFile; fileRef = FFDCEBF9265CB3C6006A306B /* Bjdc.xcdatamodeld */; };
		FFDCEBFD265CB3C9006A306B /* Assets.xcassets in Resources */ = {isa = PBXBuildFile; fileRef = FFDCEBFC265CB3C9006A306B /* Assets.xcassets */; };
		FFDCEC00265CB3C9006A306B /* LaunchScreen.storyboard in Resources */ = {isa = PBXBuildFile; fileRef = FFDCEBFE265CB3C9006A306B /* LaunchScreen.storyboard */; };
		FFDCEC08265CBB87006A306B /* LoginVC.swift in Sources */ = {isa = PBXBuildFile; fileRef = FFDCEC07265CBB87006A306B /* LoginVC.swift */; };
		FFDCEC0B265CBC2A006A306B /* ProjectVC.swift in Sources */ = {isa = PBXBuildFile; fileRef = FFDCEC0A265CBC2A006A306B /* ProjectVC.swift */; };
		FFDCEC0F265CBF34006A306B /* DateTableVC.swift in Sources */ = {isa = PBXBuildFile; fileRef = FFDCEC0E265CBF34006A306B /* DateTableVC.swift */; };
		FFDCEC12265CC007006A306B /* DateTableViewCell.swift in Sources */ = {isa = PBXBuildFile; fileRef = FFDCEC11265CC007006A306B /* DateTableViewCell.swift */; };
		FFDCEC14265CC4C8006A306B /* ChartTableVC.swift in Sources */ = {isa = PBXBuildFile; fileRef = FFDCEC13265CC4C8006A306B /* ChartTableVC.swift */; };
		FFDCEC16265CC59E006A306B /* Constant.swift in Sources */ = {isa = PBXBuildFile; fileRef = FFDCEC15265CC59E006A306B /* Constant.swift */; };
		FFDCEC1A265CCA60006A306B /* LMJDropdownMenu.m in Sources */ = {isa = PBXBuildFile; fileRef = FFDCEC18265CCA60006A306B /* LMJDropdownMenu.m */; };
		FFDCEC1D265CEFC2006A306B /* BootomSheetVC.swift in Sources */ = {isa = PBXBuildFile; fileRef = FFDCEC1C265CEFC2006A306B /* BootomSheetVC.swift */; };
		FFDCEC1F265D0AAF006A306B /* BootomSheetDropdownMenu.swift in Sources */ = {isa = PBXBuildFile; fileRef = FFDCEC1E265D0AAF006A306B /* BootomSheetDropdownMenu.swift */; };
		FFDCEC21265D0ED1006A306B /* DateTableDropdownMenu.swift in Sources */ = {isa = PBXBuildFile; fileRef = FFDCEC20265D0ED1006A306B /* DateTableDropdownMenu.swift */; };
		FFDCEC23265D1089006A306B /* Demoable.swift in Sources */ = {isa = PBXBuildFile; fileRef = FFDCEC22265D1089006A306B /* Demoable.swift */; };
/* End PBXBuildFile section */

/* Begin PBXFileReference section */
		4E7B6E7F5DBED1D35E7B693B /* Pods-Bjdc.release.xcconfig */ = {isa = PBXFileReference; includeInIndex = 1; lastKnownFileType = text.xcconfig; name = "Pods-Bjdc.release.xcconfig"; path = "Pods/Target Support Files/Pods-Bjdc/Pods-Bjdc.release.xcconfig"; sourceTree = "<group>"; };
		65E241DCC05B5599C5A44CCD /* Pods-Bjdc.debug.xcconfig */ = {isa = PBXFileReference; includeInIndex = 1; lastKnownFileType = text.xcconfig; name = "Pods-Bjdc.debug.xcconfig"; path = "Pods/Target Support Files/Pods-Bjdc/Pods-Bjdc.debug.xcconfig"; sourceTree = "<group>"; };
		FF3D1D0F157C649DFF777056 /* Pods_Bjdc.framework */ = {isa = PBXFileReference; explicitFileType = wrapper.framework; includeInIndex = 0; path = Pods_Bjdc.framework; sourceTree = BUILT_PRODUCTS_DIR; };
		FF803ADC26674E65005B9ED7 /* MeVC-req.swift */ = {isa = PBXFileReference; lastKnownFileType = sourcecode.swift; path = "MeVC-req.swift"; sourceTree = "<group>"; };
		FF803ADE2669CAA8005B9ED7 /* BootomSheet-req.swift */ = {isa = PBXFileReference; lastKnownFileType = sourcecode.swift; path = "BootomSheet-req.swift"; sourceTree = "<group>"; };
		FF9062ED2665FB1F00331DDF /* Constant-req.swift */ = {isa = PBXFileReference; lastKnownFileType = sourcecode.swift; path = "Constant-req.swift"; sourceTree = "<group>"; };
		FF9062EF26660FCC00331DDF /* threeDES.swift */ = {isa = PBXFileReference; lastKnownFileType = sourcecode.swift; path = threeDES.swift; sourceTree = "<group>"; };
		FF9062F1266613D800331DDF /* md5.swift */ = {isa = PBXFileReference; lastKnownFileType = sourcecode.swift; path = md5.swift; sourceTree = "<group>"; };
		FF94A33526847674002A3D88 /* Example7View.swift */ = {isa = PBXFileReference; fileEncoding = 4; lastKnownFileType = sourcecode.swift; path = Example7View.swift; sourceTree = "<group>"; usesTabs = 0; };
		FF94A337268476A2002A3D88 /* Example7View.xib */ = {isa = PBXFileReference; fileEncoding = 4; lastKnownFileType = file.xib; path = Example7View.xib; sourceTree = "<group>"; };
		FF94A33D268482E9002A3D88 /* customAlert.xib */ = {isa = PBXFileReference; lastKnownFileType = file.xib; path = customAlert.xib; sourceTree = "<group>"; };
		FF94A33F268570DA002A3D88 /* customAlert.swift */ = {isa = PBXFileReference; lastKnownFileType = sourcecode.swift; path = customAlert.swift; sourceTree = "<group>"; };
		FF968B81266A1A20009D9404 /* ProjectVC-btn.swift */ = {isa = PBXFileReference; lastKnownFileType = sourcecode.swift; path = "ProjectVC-btn.swift"; sourceTree = "<group>"; };
		FF968B83266A1BD5009D9404 /* ProjectVC-Annotations.swift */ = {isa = PBXFileReference; lastKnownFileType = sourcecode.swift; path = "ProjectVC-Annotations.swift"; sourceTree = "<group>"; };
		FF968B85266A24A9009D9404 /* BootomSheetVC-initProject.swift */ = {isa = PBXFileReference; lastKnownFileType = sourcecode.swift; path = "BootomSheetVC-initProject.swift"; sourceTree = "<group>"; };
		FF968B87266A3391009D9404 /* BootomSheet-btn.swift */ = {isa = PBXFileReference; lastKnownFileType = sourcecode.swift; path = "BootomSheet-btn.swift"; sourceTree = "<group>"; };
		FF968B89266A3623009D9404 /* BootomSheet-TableView.swift */ = {isa = PBXFileReference; lastKnownFileType = sourcecode.swift; path = "BootomSheet-TableView.swift"; sourceTree = "<group>"; };
		FF97EF6E2663A9BF00C09CEA /* .gitignore */ = {isa = PBXFileReference; fileEncoding = 4; lastKnownFileType = text; path = .gitignore; sourceTree = "<group>"; };
		FF9CD6A4265F61030048D6A3 /* test.swift */ = {isa = PBXFileReference; lastKnownFileType = sourcecode.swift; path = test.swift; sourceTree = "<group>"; };
		FFA4B61E266CEA8A0000C995 /* CustomCalloutViewSwift.swift */ = {isa = PBXFileReference; lastKnownFileType = sourcecode.swift; path = CustomCalloutViewSwift.swift; sourceTree = "<group>"; };
		FFA4B620266CEB4C0000C995 /* AnnotationView.swift */ = {isa = PBXFileReference; lastKnownFileType = sourcecode.swift; path = AnnotationView.swift; sourceTree = "<group>"; };
		FFA4B622266D045D0000C995 /* pointAnnotationView.swift */ = {isa = PBXFileReference; lastKnownFileType = sourcecode.swift; path = pointAnnotationView.swift; sourceTree = "<group>"; };
		FFA4B62C266F10500000C995 /* dropdownName.swift */ = {isa = PBXFileReference; lastKnownFileType = sourcecode.swift; path = dropdownName.swift; sourceTree = "<group>"; };
		FFA4B62E266F10600000C995 /* dropdownDate.swift */ = {isa = PBXFileReference; lastKnownFileType = sourcecode.swift; path = dropdownDate.swift; sourceTree = "<group>"; };
		FFA4B630266F194E0000C995 /* drpdownDelegate.swift */ = {isa = PBXFileReference; lastKnownFileType = sourcecode.swift; path = drpdownDelegate.swift; sourceTree = "<group>"; };
		FFA4B635266F49910000C995 /* ChartData-req.swift */ = {isa = PBXFileReference; lastKnownFileType = sourcecode.swift; path = "ChartData-req.swift"; sourceTree = "<group>"; };
		FFA4B65C267048BF0000C995 /* TestViewController.swift */ = {isa = PBXFileReference; lastKnownFileType = sourcecode.swift; path = TestViewController.swift; sourceTree = "<group>"; };
		FFA4B662267094E30000C995 /* GNSSFilterInfoN.swift */ = {isa = PBXFileReference; lastKnownFileType = sourcecode.swift; path = GNSSFilterInfoN.swift; sourceTree = "<group>"; };
		FFA4B6642670D46B0000C995 /* GNSSFilterInfoE.swift */ = {isa = PBXFileReference; lastKnownFileType = sourcecode.swift; path = GNSSFilterInfoE.swift; sourceTree = "<group>"; };
		FFA4B6662670D5270000C995 /* GNSSFilterInfoH.swift */ = {isa = PBXFileReference; lastKnownFileType = sourcecode.swift; path = GNSSFilterInfoH.swift; sourceTree = "<group>"; };
		FFA4B6682670D5600000C995 /* GNSSFilterInfoDeltaD.swift */ = {isa = PBXFileReference; lastKnownFileType = sourcecode.swift; path = GNSSFilterInfoDeltaD.swift; sourceTree = "<group>"; };
		FFA4B66A2670DBB50000C995 /* GNSSFilterInfoDeltaH.swift */ = {isa = PBXFileReference; lastKnownFileType = sourcecode.swift; path = GNSSFilterInfoDeltaH.swift; sourceTree = "<group>"; };
		FFA4B66C2670DD110000C995 /* Heart.swift */ = {isa = PBXFileReference; lastKnownFileType = sourcecode.swift; path = Heart.swift; sourceTree = "<group>"; };
		FFA4B6702670DFA30000C995 /* TimeInterval.swift */ = {isa = PBXFileReference; lastKnownFileType = sourcecode.swift; path = TimeInterval.swift; sourceTree = "<group>"; };
		FFA4B6722672248D0000C995 /* ChartTable.swift */ = {isa = PBXFileReference; lastKnownFileType = sourcecode.swift; path = ChartTable.swift; sourceTree = "<group>"; };
		FFA4B67426739F170000C995 /* DateTableVC-req.swift */ = {isa = PBXFileReference; lastKnownFileType = sourcecode.swift; path = "DateTableVC-req.swift"; sourceTree = "<group>"; };
		FFA85899265DDF120067CA7D /* MeVC.swift */ = {isa = PBXFileReference; lastKnownFileType = sourcecode.swift; path = MeVC.swift; sourceTree = "<group>"; };
		FFA8589C265DDFAD0067CA7D /* Setting.swift */ = {isa = PBXFileReference; lastKnownFileType = sourcecode.swift; path = Setting.swift; sourceTree = "<group>"; };
		FFA8589E265DE02C0067CA7D /* AccountSecurityVC.swift */ = {isa = PBXFileReference; lastKnownFileType = sourcecode.swift; path = AccountSecurityVC.swift; sourceTree = "<group>"; };
		FFA858A2265DE0D10067CA7D /* ChangePasswordVC.swift */ = {isa = PBXFileReference; lastKnownFileType = sourcecode.swift; path = ChangePasswordVC.swift; sourceTree = "<group>"; };
		FFA858A4265E441D0067CA7D /* BootomSheetChartVC.swift */ = {isa = PBXFileReference; lastKnownFileType = sourcecode.swift; path = BootomSheetChartVC.swift; sourceTree = "<group>"; };
		FFD34FE12664BA8F00EF0ED2 /* LoginVC-accessToken.swift */ = {isa = PBXFileReference; lastKnownFileType = sourcecode.swift; path = "LoginVC-accessToken.swift"; sourceTree = "<group>"; };
		FFDCEBED265CB3C5006A306B /* Bjdc.app */ = {isa = PBXFileReference; explicitFileType = wrapper.application; includeInIndex = 0; path = Bjdc.app; sourceTree = BUILT_PRODUCTS_DIR; };
		FFDCEBF0265CB3C6006A306B /* AppDelegate.swift */ = {isa = PBXFileReference; lastKnownFileType = sourcecode.swift; path = AppDelegate.swift; sourceTree = "<group>"; };
		FFDCEBF2265CB3C6006A306B /* SceneDelegate.swift */ = {isa = PBXFileReference; lastKnownFileType = sourcecode.swift; path = SceneDelegate.swift; sourceTree = "<group>"; };
		FFDCEBF4265CB3C6006A306B /* ViewController.swift */ = {isa = PBXFileReference; lastKnownFileType = sourcecode.swift; path = ViewController.swift; sourceTree = "<group>"; };
		FFDCEBF7265CB3C6006A306B /* Base */ = {isa = PBXFileReference; lastKnownFileType = file.storyboard; name = Base; path = Base.lproj/Main.storyboard; sourceTree = "<group>"; };
		FFDCEBFA265CB3C6006A306B /* Bjdc.xcdatamodel */ = {isa = PBXFileReference; lastKnownFileType = wrapper.xcdatamodel; path = Bjdc.xcdatamodel; sourceTree = "<group>"; };
		FFDCEBFC265CB3C9006A306B /* Assets.xcassets */ = {isa = PBXFileReference; lastKnownFileType = folder.assetcatalog; path = Assets.xcassets; sourceTree = "<group>"; };
		FFDCEBFF265CB3C9006A306B /* Base */ = {isa = PBXFileReference; lastKnownFileType = file.storyboard; name = Base; path = Base.lproj/LaunchScreen.storyboard; sourceTree = "<group>"; };
		FFDCEC01265CB3C9006A306B /* Info.plist */ = {isa = PBXFileReference; lastKnownFileType = text.plist.xml; path = Info.plist; sourceTree = "<group>"; };
		FFDCEC07265CBB87006A306B /* LoginVC.swift */ = {isa = PBXFileReference; lastKnownFileType = sourcecode.swift; path = LoginVC.swift; sourceTree = "<group>"; };
		FFDCEC0A265CBC2A006A306B /* ProjectVC.swift */ = {isa = PBXFileReference; lastKnownFileType = sourcecode.swift; path = ProjectVC.swift; sourceTree = "<group>"; };
		FFDCEC0E265CBF34006A306B /* DateTableVC.swift */ = {isa = PBXFileReference; lastKnownFileType = sourcecode.swift; path = DateTableVC.swift; sourceTree = "<group>"; };
		FFDCEC11265CC007006A306B /* DateTableViewCell.swift */ = {isa = PBXFileReference; lastKnownFileType = sourcecode.swift; path = DateTableViewCell.swift; sourceTree = "<group>"; };
		FFDCEC13265CC4C8006A306B /* ChartTableVC.swift */ = {isa = PBXFileReference; lastKnownFileType = sourcecode.swift; path = ChartTableVC.swift; sourceTree = "<group>"; };
		FFDCEC15265CC59E006A306B /* Constant.swift */ = {isa = PBXFileReference; lastKnownFileType = sourcecode.swift; path = Constant.swift; sourceTree = "<group>"; };
		FFDCEC18265CCA60006A306B /* LMJDropdownMenu.m */ = {isa = PBXFileReference; fileEncoding = 4; lastKnownFileType = sourcecode.c.objc; path = LMJDropdownMenu.m; sourceTree = "<group>"; };
		FFDCEC19265CCA60006A306B /* LMJDropdownMenu.h */ = {isa = PBXFileReference; fileEncoding = 4; lastKnownFileType = sourcecode.c.h; path = LMJDropdownMenu.h; sourceTree = "<group>"; };
		FFDCEC1B265CCB23006A306B /* Bdjc-Bridging-Header.h */ = {isa = PBXFileReference; lastKnownFileType = sourcecode.c.h; path = "Bdjc-Bridging-Header.h"; sourceTree = "<group>"; };
		FFDCEC1C265CEFC2006A306B /* BootomSheetVC.swift */ = {isa = PBXFileReference; lastKnownFileType = sourcecode.swift; path = BootomSheetVC.swift; sourceTree = "<group>"; };
		FFDCEC1E265D0AAF006A306B /* BootomSheetDropdownMenu.swift */ = {isa = PBXFileReference; lastKnownFileType = sourcecode.swift; path = BootomSheetDropdownMenu.swift; sourceTree = "<group>"; };
		FFDCEC20265D0ED1006A306B /* DateTableDropdownMenu.swift */ = {isa = PBXFileReference; lastKnownFileType = sourcecode.swift; path = DateTableDropdownMenu.swift; sourceTree = "<group>"; };
		FFDCEC22265D1089006A306B /* Demoable.swift */ = {isa = PBXFileReference; lastKnownFileType = sourcecode.swift; path = Demoable.swift; sourceTree = "<group>"; };
/* End PBXFileReference section */

/* Begin PBXFrameworksBuildPhase section */
		FFDCEBEA265CB3C5006A306B /* Frameworks */ = {
			isa = PBXFrameworksBuildPhase;
			buildActionMask = 2147483647;
			files = (
				92A3667A81D09DEFB033DDE3 /* Pods_Bjdc.framework in Frameworks */,
			);
			runOnlyForDeploymentPostprocessing = 0;
		};
/* End PBXFrameworksBuildPhase section */

/* Begin PBXGroup section */
		94AE6387D14F96D678D71D70 /* Pods */ = {
			isa = PBXGroup;
			children = (
				65E241DCC05B5599C5A44CCD /* Pods-Bjdc.debug.xcconfig */,
				4E7B6E7F5DBED1D35E7B693B /* Pods-Bjdc.release.xcconfig */,
			);
			name = Pods;
			sourceTree = "<group>";
		};
		E0A5B84C72E3EE89191C7D05 /* Frameworks */ = {
			isa = PBXGroup;
			children = (
				FF3D1D0F157C649DFF777056 /* Pods_Bjdc.framework */,
			);
			name = Frameworks;
			sourceTree = "<group>";
		};
		FF94A32E26846171002A3D88 /* New Group */ = {
			isa = PBXGroup;
			children = (
				FF94A337268476A2002A3D88 /* Example7View.xib */,
				FF94A33526847674002A3D88 /* Example7View.swift */,
			);
			path = "New Group";
			sourceTree = "<group>";
		};
		FF94A3412685B4E1002A3D88 /* CustomAlert */ = {
			isa = PBXGroup;
			children = (
				FF94A33D268482E9002A3D88 /* customAlert.xib */,
				FF94A33F268570DA002A3D88 /* customAlert.swift */,
			);
			path = CustomAlert;
			sourceTree = "<group>";
		};
		FFA4B625266D06EE0000C995 /* Bootom */ = {
			isa = PBXGroup;
			children = (
				FFDCEC1C265CEFC2006A306B /* BootomSheetVC.swift */,
				FF968B85266A24A9009D9404 /* BootomSheetVC-initProject.swift */,
				FFDCEC1E265D0AAF006A306B /* BootomSheetDropdownMenu.swift */,
				FF968B87266A3391009D9404 /* BootomSheet-btn.swift */,
				FF968B89266A3623009D9404 /* BootomSheet-TableView.swift */,
				FF803ADE2669CAA8005B9ED7 /* BootomSheet-req.swift */,
				FFDCEC22265D1089006A306B /* Demoable.swift */,
				FFA4B62B266F0E850000C995 /* BootomChart */,
			);
			path = Bootom;
			sourceTree = "<group>";
		};
		FFA4B626266D07160000C995 /* annotation */ = {
			isa = PBXGroup;
			children = (
				FFA4B61E266CEA8A0000C995 /* CustomCalloutViewSwift.swift */,
				FFA4B620266CEB4C0000C995 /* AnnotationView.swift */,
				FFA4B622266D045D0000C995 /* pointAnnotationView.swift */,
			);
			path = annotation;
			sourceTree = "<group>";
		};
		FFA4B62B266F0E850000C995 /* BootomChart */ = {
			isa = PBXGroup;
			children = (
				FFA858A4265E441D0067CA7D /* BootomSheetChartVC.swift */,
				FFA4B6722672248D0000C995 /* ChartTable.swift */,
				FFA4B662267094E30000C995 /* GNSSFilterInfoN.swift */,
				FFA4B6642670D46B0000C995 /* GNSSFilterInfoE.swift */,
				FFA4B6662670D5270000C995 /* GNSSFilterInfoH.swift */,
				FFA4B6682670D5600000C995 /* GNSSFilterInfoDeltaD.swift */,
				FFA4B66A2670DBB50000C995 /* GNSSFilterInfoDeltaH.swift */,
				FFA4B66C2670DD110000C995 /* Heart.swift */,
				FFA4B6702670DFA30000C995 /* TimeInterval.swift */,
				FFA4B635266F49910000C995 /* ChartData-req.swift */,
				FFA4B62C266F10500000C995 /* dropdownName.swift */,
				FFA4B62E266F10600000C995 /* dropdownDate.swift */,
				FFA4B630266F194E0000C995 /* drpdownDelegate.swift */,
				FF94A3412685B4E1002A3D88 /* CustomAlert */,
			);
			path = BootomChart;
			sourceTree = "<group>";
		};
		FFA8589B265DDF1C0067CA7D /* Me */ = {
			isa = PBXGroup;
			children = (
				FFA85899265DDF120067CA7D /* MeVC.swift */,
				FF803ADC26674E65005B9ED7 /* MeVC-req.swift */,
				FFA8589C265DDFAD0067CA7D /* Setting.swift */,
				FFA8589E265DE02C0067CA7D /* AccountSecurityVC.swift */,
				FFA858A2265DE0D10067CA7D /* ChangePasswordVC.swift */,
			);
			path = Me;
			sourceTree = "<group>";
		};
		FFDCEBE4265CB3C5006A306B = {
			isa = PBXGroup;
			children = (
				FF97EF6E2663A9BF00C09CEA /* .gitignore */,
				FFDCEBEF265CB3C5006A306B /* Bjdc */,
				FFDCEBEE265CB3C5006A306B /* Products */,
				94AE6387D14F96D678D71D70 /* Pods */,
				E0A5B84C72E3EE89191C7D05 /* Frameworks */,
			);
			sourceTree = "<group>";
		};
		FFDCEBEE265CB3C5006A306B /* Products */ = {
			isa = PBXGroup;
			children = (
				FFDCEBED265CB3C5006A306B /* Bjdc.app */,
			);
			name = Products;
			sourceTree = "<group>";
		};
		FFDCEBEF265CB3C5006A306B /* Bjdc */ = {
			isa = PBXGroup;
			children = (
				FFDCEBF0265CB3C6006A306B /* AppDelegate.swift */,
				FFDCEBF2265CB3C6006A306B /* SceneDelegate.swift */,
				FFDCEBF4265CB3C6006A306B /* ViewController.swift */,
				FFDCEBF6265CB3C6006A306B /* Main.storyboard */,
				FFA4B65C267048BF0000C995 /* TestViewController.swift */,
				FF94A32E26846171002A3D88 /* New Group */,
				FF9CD6A4265F61030048D6A3 /* test.swift */,
				FFDCEC15265CC59E006A306B /* Constant.swift */,
				FF9062ED2665FB1F00331DDF /* Constant-req.swift */,
				FFDCEC10265CBF3C006A306B /* Data */,
				FFDCEC0D265CBC68006A306B /* Project */,
				FFDCEC09265CBB96006A306B /* Login */,
				FFA8589B265DDF1C0067CA7D /* Me */,
				FFDCEBFC265CB3C9006A306B /* Assets.xcassets */,
				FFDCEBFE265CB3C9006A306B /* LaunchScreen.storyboard */,
				FFDCEC01265CB3C9006A306B /* Info.plist */,
				FFDCEBF9265CB3C6006A306B /* Bjdc.xcdatamodeld */,
				FFDCEC1B265CCB23006A306B /* Bdjc-Bridging-Header.h */,
				FFDCEC17265CCA60006A306B /* LMJDropdownMenu */,
			);
			path = Bjdc;
			sourceTree = "<group>";
		};
		FFDCEC09265CBB96006A306B /* Login */ = {
			isa = PBXGroup;
			children = (
				FFDCEC07265CBB87006A306B /* LoginVC.swift */,
				FFD34FE12664BA8F00EF0ED2 /* LoginVC-accessToken.swift */,
				FF9062EF26660FCC00331DDF /* threeDES.swift */,
				FF9062F1266613D800331DDF /* md5.swift */,
			);
			path = Login;
			sourceTree = "<group>";
		};
		FFDCEC0D265CBC68006A306B /* Project */ = {
			isa = PBXGroup;
			children = (
				FFDCEC0A265CBC2A006A306B /* ProjectVC.swift */,
				FF968B81266A1A20009D9404 /* ProjectVC-btn.swift */,
				FF968B83266A1BD5009D9404 /* ProjectVC-Annotations.swift */,
				FFA4B626266D07160000C995 /* annotation */,
				FFA4B625266D06EE0000C995 /* Bootom */,
			);
			path = Project;
			sourceTree = "<group>";
		};
		FFDCEC10265CBF3C006A306B /* Data */ = {
			isa = PBXGroup;
			children = (
				FFDCEC0E265CBF34006A306B /* DateTableVC.swift */,
				FFA4B67426739F170000C995 /* DateTableVC-req.swift */,
				FFDCEC20265D0ED1006A306B /* DateTableDropdownMenu.swift */,
				FFDCEC11265CC007006A306B /* DateTableViewCell.swift */,
				FFDCEC13265CC4C8006A306B /* ChartTableVC.swift */,
			);
			path = Data;
			sourceTree = "<group>";
		};
		FFDCEC17265CCA60006A306B /* LMJDropdownMenu */ = {
			isa = PBXGroup;
			children = (
				FFDCEC18265CCA60006A306B /* LMJDropdownMenu.m */,
				FFDCEC19265CCA60006A306B /* LMJDropdownMenu.h */,
			);
			path = LMJDropdownMenu;
			sourceTree = "<group>";
		};
/* End PBXGroup section */

/* Begin PBXNativeTarget section */
		FFDCEBEC265CB3C5006A306B /* Bjdc */ = {
			isa = PBXNativeTarget;
			buildConfigurationList = FFDCEC04265CB3C9006A306B /* Build configuration list for PBXNativeTarget "Bjdc" */;
			buildPhases = (
				0DFF4CA9DB9AE8CCFF4E93CE /* [CP] Check Pods Manifest.lock */,
				FFDCEBE9265CB3C5006A306B /* Sources */,
				FFDCEBEA265CB3C5006A306B /* Frameworks */,
				FFDCEBEB265CB3C5006A306B /* Resources */,
				F9DD19D8F3A7A82E8CBECFC2 /* [CP] Embed Pods Frameworks */,
				94DEBA09493250564A6BEFD3 /* [CP] Copy Pods Resources */,
			);
			buildRules = (
			);
			dependencies = (
			);
			name = Bjdc;
			productName = Bjdc;
			productReference = FFDCEBED265CB3C5006A306B /* Bjdc.app */;
			productType = "com.apple.product-type.application";
		};
/* End PBXNativeTarget section */

/* Begin PBXProject section */
		FFDCEBE5265CB3C5006A306B /* Project object */ = {
			isa = PBXProject;
			attributes = {
				LastSwiftUpdateCheck = 1250;
				LastUpgradeCheck = 1250;
				TargetAttributes = {
					FFDCEBEC265CB3C5006A306B = {
						CreatedOnToolsVersion = 12.5;
					};
				};
			};
			buildConfigurationList = FFDCEBE8265CB3C5006A306B /* Build configuration list for PBXProject "Bjdc" */;
			compatibilityVersion = "Xcode 9.3";
			developmentRegion = en;
			hasScannedForEncodings = 0;
			knownRegions = (
				en,
				Base,
			);
			mainGroup = FFDCEBE4265CB3C5006A306B;
			productRefGroup = FFDCEBEE265CB3C5006A306B /* Products */;
			projectDirPath = "";
			projectRoot = "";
			targets = (
				FFDCEBEC265CB3C5006A306B /* Bjdc */,
			);
		};
/* End PBXProject section */

/* Begin PBXResourcesBuildPhase section */
		FFDCEBEB265CB3C5006A306B /* Resources */ = {
			isa = PBXResourcesBuildPhase;
			buildActionMask = 2147483647;
			files = (
				FF97EF6F2663A9C000C09CEA /* .gitignore in Resources */,
				FF94A33E268482E9002A3D88 /* customAlert.xib in Resources */,
				FF94A338268476A2002A3D88 /* Example7View.xib in Resources */,
				FFDCEC00265CB3C9006A306B /* LaunchScreen.storyboard in Resources */,
				FFDCEBFD265CB3C9006A306B /* Assets.xcassets in Resources */,
				FFDCEBF8265CB3C6006A306B /* Main.storyboard in Resources */,
			);
			runOnlyForDeploymentPostprocessing = 0;
		};
/* End PBXResourcesBuildPhase section */

/* Begin PBXShellScriptBuildPhase section */
		0DFF4CA9DB9AE8CCFF4E93CE /* [CP] Check Pods Manifest.lock */ = {
			isa = PBXShellScriptBuildPhase;
			buildActionMask = 2147483647;
			files = (
			);
			inputPaths = (
				"${PODS_PODFILE_DIR_PATH}/Podfile.lock",
				"${PODS_ROOT}/Manifest.lock",
			);
			name = "[CP] Check Pods Manifest.lock";
			outputPaths = (
				"$(DERIVED_FILE_DIR)/Pods-Bjdc-checkManifestLockResult.txt",
			);
			runOnlyForDeploymentPostprocessing = 0;
			shellPath = /bin/sh;
			shellScript = "diff \"${PODS_PODFILE_DIR_PATH}/Podfile.lock\" \"${PODS_ROOT}/Manifest.lock\" > /dev/null\nif [ $? != 0 ] ; then\n    # print error to STDERR\n    echo \"error: The sandbox is not in sync with the Podfile.lock. Run 'pod install' or update your CocoaPods installation.\" >&2\n    exit 1\nfi\n# This output is used by Xcode 'outputs' to avoid re-running this script phase.\necho \"SUCCESS\" > \"${SCRIPT_OUTPUT_FILE_0}\"\n";
			showEnvVarsInLog = 0;
		};
		94DEBA09493250564A6BEFD3 /* [CP] Copy Pods Resources */ = {
			isa = PBXShellScriptBuildPhase;
			buildActionMask = 2147483647;
			files = (
			);
			inputFileListPaths = (
				"${PODS_ROOT}/Target Support Files/Pods-Bjdc/Pods-Bjdc-resources-${CONFIGURATION}-input-files.xcfilelist",
			);
			name = "[CP] Copy Pods Resources";
			outputFileListPaths = (
				"${PODS_ROOT}/Target Support Files/Pods-Bjdc/Pods-Bjdc-resources-${CONFIGURATION}-output-files.xcfilelist",
			);
			runOnlyForDeploymentPostprocessing = 0;
			shellPath = /bin/sh;
			shellScript = "\"${PODS_ROOT}/Target Support Files/Pods-Bjdc/Pods-Bjdc-resources.sh\"\n";
			showEnvVarsInLog = 0;
		};
		F9DD19D8F3A7A82E8CBECFC2 /* [CP] Embed Pods Frameworks */ = {
			isa = PBXShellScriptBuildPhase;
			buildActionMask = 2147483647;
			files = (
			);
			inputFileListPaths = (
				"${PODS_ROOT}/Target Support Files/Pods-Bjdc/Pods-Bjdc-frameworks-${CONFIGURATION}-input-files.xcfilelist",
			);
			name = "[CP] Embed Pods Frameworks";
			outputFileListPaths = (
				"${PODS_ROOT}/Target Support Files/Pods-Bjdc/Pods-Bjdc-frameworks-${CONFIGURATION}-output-files.xcfilelist",
			);
			runOnlyForDeploymentPostprocessing = 0;
			shellPath = /bin/sh;
			shellScript = "\"${PODS_ROOT}/Target Support Files/Pods-Bjdc/Pods-Bjdc-frameworks.sh\"\n";
			showEnvVarsInLog = 0;
		};
/* End PBXShellScriptBuildPhase section */

/* Begin PBXSourcesBuildPhase section */
		FFDCEBE9265CB3C5006A306B /* Sources */ = {
			isa = PBXSourcesBuildPhase;
			buildActionMask = 2147483647;
			files = (
				FFA858A3265DE0D10067CA7D /* ChangePasswordVC.swift in Sources */,
				FF94A33626847674002A3D88 /* Example7View.swift in Sources */,
				FFA4B6712670DFA30000C995 /* TimeInterval.swift in Sources */,
				FFA8589A265DDF120067CA7D /* MeVC.swift in Sources */,
				FFDCEC1D265CEFC2006A306B /* BootomSheetVC.swift in Sources */,
				FF9062F2266613D800331DDF /* md5.swift in Sources */,
				FFA4B6652670D46B0000C995 /* GNSSFilterInfoE.swift in Sources */,
				FFDCEBFB265CB3C6006A306B /* Bjdc.xcdatamodeld in Sources */,
				FFDCEC0F265CBF34006A306B /* DateTableVC.swift in Sources */,
				FF968B86266A24A9009D9404 /* BootomSheetVC-initProject.swift in Sources */,
				FFA4B66D2670DD110000C995 /* Heart.swift in Sources */,
				FFA4B61F266CEA8A0000C995 /* CustomCalloutViewSwift.swift in Sources */,
				FFDCEBF5265CB3C6006A306B /* ViewController.swift in Sources */,
				FFDCEC21265D0ED1006A306B /* DateTableDropdownMenu.swift in Sources */,
				FFA4B65D267048BF0000C995 /* TestViewController.swift in Sources */,
				FFA4B6732672248E0000C995 /* ChartTable.swift in Sources */,
				FFDCEC12265CC007006A306B /* DateTableViewCell.swift in Sources */,
				FFDCEBF1265CB3C6006A306B /* AppDelegate.swift in Sources */,
				FFDCEBF3265CB3C6006A306B /* SceneDelegate.swift in Sources */,
				FFA4B663267094E30000C995 /* GNSSFilterInfoN.swift in Sources */,
				FF968B82266A1A20009D9404 /* ProjectVC-btn.swift in Sources */,
				FFDCEC0B265CBC2A006A306B /* ProjectVC.swift in Sources */,
				FFA8589F265DE02C0067CA7D /* AccountSecurityVC.swift in Sources */,
				FF968B8A266A3623009D9404 /* BootomSheet-TableView.swift in Sources */,
				FF968B84266A1BD5009D9404 /* ProjectVC-Annotations.swift in Sources */,
				FFA4B66B2670DBB50000C995 /* GNSSFilterInfoDeltaH.swift in Sources */,
				FFA4B67526739F170000C995 /* DateTableVC-req.swift in Sources */,
				FFDCEC16265CC59E006A306B /* Constant.swift in Sources */,
				FF9062F026660FCC00331DDF /* threeDES.swift in Sources */,
				FF9CD6A5265F61030048D6A3 /* test.swift in Sources */,
				FFA4B631266F194E0000C995 /* drpdownDelegate.swift in Sources */,
				FFD34FE22664BA8F00EF0ED2 /* LoginVC-accessToken.swift in Sources */,
				FF803ADF2669CAA8005B9ED7 /* BootomSheet-req.swift in Sources */,
				FFA4B636266F49910000C995 /* ChartData-req.swift in Sources */,
				FFA4B62D266F10500000C995 /* dropdownName.swift in Sources */,
				FF803ADD26674E65005B9ED7 /* MeVC-req.swift in Sources */,
				FFDCEC08265CBB87006A306B /* LoginVC.swift in Sources */,
				FFA4B621266CEB4C0000C995 /* AnnotationView.swift in Sources */,
				FFDCEC1A265CCA60006A306B /* LMJDropdownMenu.m in Sources */,
				FFA4B62F266F10600000C995 /* dropdownDate.swift in Sources */,
				FFA4B6672670D5270000C995 /* GNSSFilterInfoH.swift in Sources */,
				FFDCEC23265D1089006A306B /* Demoable.swift in Sources */,
				FFDCEC1F265D0AAF006A306B /* BootomSheetDropdownMenu.swift in Sources */,
				FF94A340268570DA002A3D88 /* customAlert.swift in Sources */,
				FF9062EE2665FB1F00331DDF /* Constant-req.swift in Sources */,
				FFA4B623266D045D0000C995 /* pointAnnotationView.swift in Sources */,
				FFA8589D265DDFAD0067CA7D /* Setting.swift in Sources */,
				FFA4B6692670D5600000C995 /* GNSSFilterInfoDeltaD.swift in Sources */,
				FFDCEC14265CC4C8006A306B /* ChartTableVC.swift in Sources */,
				FFA858A5265E441D0067CA7D /* BootomSheetChartVC.swift in Sources */,
				FF968B88266A3391009D9404 /* BootomSheet-btn.swift in Sources */,
			);
			runOnlyForDeploymentPostprocessing = 0;
		};
/* End PBXSourcesBuildPhase section */

/* Begin PBXVariantGroup section */
		FFDCEBF6265CB3C6006A306B /* Main.storyboard */ = {
			isa = PBXVariantGroup;
			children = (
				FFDCEBF7265CB3C6006A306B /* Base */,
			);
			name = Main.storyboard;
			sourceTree = "<group>";
		};
		FFDCEBFE265CB3C9006A306B /* LaunchScreen.storyboard */ = {
			isa = PBXVariantGroup;
			children = (
				FFDCEBFF265CB3C9006A306B /* Base */,
			);
			name = LaunchScreen.storyboard;
			sourceTree = "<group>";
		};
/* End PBXVariantGroup section */

/* Begin XCBuildConfiguration section */
		FFDCEC02265CB3C9006A306B /* Debug */ = {
			isa = XCBuildConfiguration;
			buildSettings = {
				ALWAYS_SEARCH_USER_PATHS = NO;
				CLANG_ANALYZER_NONNULL = YES;
				CLANG_ANALYZER_NUMBER_OBJECT_CONVERSION = YES_AGGRESSIVE;
				CLANG_CXX_LANGUAGE_STANDARD = "gnu++14";
				CLANG_CXX_LIBRARY = "libc++";
				CLANG_ENABLE_MODULES = YES;
				CLANG_ENABLE_OBJC_ARC = YES;
				CLANG_ENABLE_OBJC_WEAK = YES;
				CLANG_WARN_BLOCK_CAPTURE_AUTORELEASING = YES;
				CLANG_WARN_BOOL_CONVERSION = YES;
				CLANG_WARN_COMMA = YES;
				CLANG_WARN_CONSTANT_CONVERSION = YES;
				CLANG_WARN_DEPRECATED_OBJC_IMPLEMENTATIONS = YES;
				CLANG_WARN_DIRECT_OBJC_ISA_USAGE = YES_ERROR;
				CLANG_WARN_DOCUMENTATION_COMMENTS = YES;
				CLANG_WARN_EMPTY_BODY = YES;
				CLANG_WARN_ENUM_CONVERSION = YES;
				CLANG_WARN_INFINITE_RECURSION = YES;
				CLANG_WARN_INT_CONVERSION = YES;
				CLANG_WARN_NON_LITERAL_NULL_CONVERSION = YES;
				CLANG_WARN_OBJC_IMPLICIT_RETAIN_SELF = YES;
				CLANG_WARN_OBJC_LITERAL_CONVERSION = YES;
				CLANG_WARN_OBJC_ROOT_CLASS = YES_ERROR;
				CLANG_WARN_QUOTED_INCLUDE_IN_FRAMEWORK_HEADER = YES;
				CLANG_WARN_RANGE_LOOP_ANALYSIS = YES;
				CLANG_WARN_STRICT_PROTOTYPES = YES;
				CLANG_WARN_SUSPICIOUS_MOVE = YES;
				CLANG_WARN_UNGUARDED_AVAILABILITY = YES_AGGRESSIVE;
				CLANG_WARN_UNREACHABLE_CODE = YES;
				CLANG_WARN__DUPLICATE_METHOD_MATCH = YES;
				COPY_PHASE_STRIP = NO;
				DEBUG_INFORMATION_FORMAT = dwarf;
				ENABLE_STRICT_OBJC_MSGSEND = YES;
				ENABLE_TESTABILITY = YES;
				GCC_C_LANGUAGE_STANDARD = gnu11;
				GCC_DYNAMIC_NO_PIC = NO;
				GCC_NO_COMMON_BLOCKS = YES;
				GCC_OPTIMIZATION_LEVEL = 0;
				GCC_PREPROCESSOR_DEFINITIONS = (
					"DEBUG=1",
					"$(inherited)",
				);
				GCC_WARN_64_TO_32_BIT_CONVERSION = YES;
				GCC_WARN_ABOUT_RETURN_TYPE = YES_ERROR;
				GCC_WARN_UNDECLARED_SELECTOR = YES;
				GCC_WARN_UNINITIALIZED_AUTOS = YES_AGGRESSIVE;
				GCC_WARN_UNUSED_FUNCTION = YES;
				GCC_WARN_UNUSED_VARIABLE = YES;
				IPHONEOS_DEPLOYMENT_TARGET = 14.5;
				MTL_ENABLE_DEBUG_INFO = INCLUDE_SOURCE;
				MTL_FAST_MATH = YES;
				ONLY_ACTIVE_ARCH = YES;
				SDKROOT = iphoneos;
				SWIFT_ACTIVE_COMPILATION_CONDITIONS = DEBUG;
				SWIFT_OPTIMIZATION_LEVEL = "-Onone";
			};
			name = Debug;
		};
		FFDCEC03265CB3C9006A306B /* Release */ = {
			isa = XCBuildConfiguration;
			buildSettings = {
				ALWAYS_SEARCH_USER_PATHS = NO;
				CLANG_ANALYZER_NONNULL = YES;
				CLANG_ANALYZER_NUMBER_OBJECT_CONVERSION = YES_AGGRESSIVE;
				CLANG_CXX_LANGUAGE_STANDARD = "gnu++14";
				CLANG_CXX_LIBRARY = "libc++";
				CLANG_ENABLE_MODULES = YES;
				CLANG_ENABLE_OBJC_ARC = YES;
				CLANG_ENABLE_OBJC_WEAK = YES;
				CLANG_WARN_BLOCK_CAPTURE_AUTORELEASING = YES;
				CLANG_WARN_BOOL_CONVERSION = YES;
				CLANG_WARN_COMMA = YES;
				CLANG_WARN_CONSTANT_CONVERSION = YES;
				CLANG_WARN_DEPRECATED_OBJC_IMPLEMENTATIONS = YES;
				CLANG_WARN_DIRECT_OBJC_ISA_USAGE = YES_ERROR;
				CLANG_WARN_DOCUMENTATION_COMMENTS = YES;
				CLANG_WARN_EMPTY_BODY = YES;
				CLANG_WARN_ENUM_CONVERSION = YES;
				CLANG_WARN_INFINITE_RECURSION = YES;
				CLANG_WARN_INT_CONVERSION = YES;
				CLANG_WARN_NON_LITERAL_NULL_CONVERSION = YES;
				CLANG_WARN_OBJC_IMPLICIT_RETAIN_SELF = YES;
				CLANG_WARN_OBJC_LITERAL_CONVERSION = YES;
				CLANG_WARN_OBJC_ROOT_CLASS = YES_ERROR;
				CLANG_WARN_QUOTED_INCLUDE_IN_FRAMEWORK_HEADER = YES;
				CLANG_WARN_RANGE_LOOP_ANALYSIS = YES;
				CLANG_WARN_STRICT_PROTOTYPES = YES;
				CLANG_WARN_SUSPICIOUS_MOVE = YES;
				CLANG_WARN_UNGUARDED_AVAILABILITY = YES_AGGRESSIVE;
				CLANG_WARN_UNREACHABLE_CODE = YES;
				CLANG_WARN__DUPLICATE_METHOD_MATCH = YES;
				COPY_PHASE_STRIP = NO;
				DEBUG_INFORMATION_FORMAT = "dwarf-with-dsym";
				ENABLE_NS_ASSERTIONS = NO;
				ENABLE_STRICT_OBJC_MSGSEND = YES;
				GCC_C_LANGUAGE_STANDARD = gnu11;
				GCC_NO_COMMON_BLOCKS = YES;
				GCC_WARN_64_TO_32_BIT_CONVERSION = YES;
				GCC_WARN_ABOUT_RETURN_TYPE = YES_ERROR;
				GCC_WARN_UNDECLARED_SELECTOR = YES;
				GCC_WARN_UNINITIALIZED_AUTOS = YES_AGGRESSIVE;
				GCC_WARN_UNUSED_FUNCTION = YES;
				GCC_WARN_UNUSED_VARIABLE = YES;
				IPHONEOS_DEPLOYMENT_TARGET = 14.5;
				MTL_ENABLE_DEBUG_INFO = NO;
				MTL_FAST_MATH = YES;
				SDKROOT = iphoneos;
				SWIFT_COMPILATION_MODE = wholemodule;
				SWIFT_OPTIMIZATION_LEVEL = "-O";
				VALIDATE_PRODUCT = YES;
			};
			name = Release;
		};
		FFDCEC05265CB3C9006A306B /* Debug */ = {
			isa = XCBuildConfiguration;
			baseConfigurationReference = 65E241DCC05B5599C5A44CCD /* Pods-Bjdc.debug.xcconfig */;
			buildSettings = {
				ASSETCATALOG_COMPILER_APPICON_NAME = AppIcon;
				ASSETCATALOG_COMPILER_GLOBAL_ACCENT_COLOR_NAME = AccentColor;
				CODE_SIGN_STYLE = Automatic;
				DEVELOPMENT_TEAM = YHK66637G9;
				INFOPLIST_FILE = Bjdc/Info.plist;
				LD_RUNPATH_SEARCH_PATHS = (
					"$(inherited)",
					"@executable_path/Frameworks",
				);
				PRODUCT_BUNDLE_IDENTIFIER = BjutSoftware806Bjdc.Bjdc;
				PRODUCT_NAME = "$(TARGET_NAME)";
				SWIFT_OBJC_BRIDGING_HEADER = "/Users/xuyu/Desktop/806/Bjdc/Bjdc/Bdjc-Bridging-Header.h";
				SWIFT_VERSION = 5.0;
				TARGETED_DEVICE_FAMILY = 1;
			};
			name = Debug;
		};
		FFDCEC06265CB3C9006A306B /* Release */ = {
			isa = XCBuildConfiguration;
			baseConfigurationReference = 4E7B6E7F5DBED1D35E7B693B /* Pods-Bjdc.release.xcconfig */;
			buildSettings = {
				ASSETCATALOG_COMPILER_APPICON_NAME = AppIcon;
				ASSETCATALOG_COMPILER_GLOBAL_ACCENT_COLOR_NAME = AccentColor;
				CODE_SIGN_STYLE = Automatic;
				DEVELOPMENT_TEAM = YHK66637G9;
				INFOPLIST_FILE = Bjdc/Info.plist;
				LD_RUNPATH_SEARCH_PATHS = (
					"$(inherited)",
					"@executable_path/Frameworks",
				);
				PRODUCT_BUNDLE_IDENTIFIER = BjutSoftware806Bjdc.Bjdc;
				PRODUCT_NAME = "$(TARGET_NAME)";
				SWIFT_OBJC_BRIDGING_HEADER = "/Users/xuyu/Desktop/806/Bjdc/Bjdc/Bdjc-Bridging-Header.h";
				SWIFT_VERSION = 5.0;
				TARGETED_DEVICE_FAMILY = 1;
			};
			name = Release;
		};
/* End XCBuildConfiguration section */

/* Begin XCConfigurationList section */
		FFDCEBE8265CB3C5006A306B /* Build configuration list for PBXProject "Bjdc" */ = {
			isa = XCConfigurationList;
			buildConfigurations = (
				FFDCEC02265CB3C9006A306B /* Debug */,
				FFDCEC03265CB3C9006A306B /* Release */,
			);
			defaultConfigurationIsVisible = 0;
			defaultConfigurationName = Release;
		};
		FFDCEC04265CB3C9006A306B /* Build configuration list for PBXNativeTarget "Bjdc" */ = {
			isa = XCConfigurationList;
			buildConfigurations = (
				FFDCEC05265CB3C9006A306B /* Debug */,
				FFDCEC06265CB3C9006A306B /* Release */,
			);
			defaultConfigurationIsVisible = 0;
			defaultConfigurationName = Release;
		};
/* End XCConfigurationList section */

/* Begin XCVersionGroup section */
		FFDCEBF9265CB3C6006A306B /* Bjdc.xcdatamodeld */ = {
			isa = XCVersionGroup;
			children = (
				FFDCEBFA265CB3C6006A306B /* Bjdc.xcdatamodel */,
			);
			currentVersion = FFDCEBFA265CB3C6006A306B /* Bjdc.xcdatamodel */;
			path = Bjdc.xcdatamodeld;
			sourceTree = "<group>";
			versionGroupType = wrapper.xcdatamodel;
		};
/* End XCVersionGroup section */
	};
	rootObject = FFDCEBE5265CB3C5006A306B /* Project object */;
}
